Microsoft Visual Studio Solution File, Format Version 10.00
# Visual Studio 2008
Project("{8BC9CEB8-8B4A-11D0-8D11-00A0C91BC942}") = "msgCourier", "msgCourier.vcproj", "{B6FF83A7-8BE1-4FB1-A2BA-5800624CB5FA}"
EndProject
Global
	GlobalSection(SolutionConfigurationPlatforms) = preSolution
		Debug|Win32 = Debug|Win32
		Release|Win32 = Release|Win32
	EndGlobalSection
	GlobalSection(ProjectConfigurationPlatforms) = postSolution
		{B6FF83A7-8BE1-4FB1-A2BA-5800624CB5FA}.Debug|Win32.ActiveCfg = Debug|Win32
		{B6FF83A7-8BE1-4FB1-A2BA-5800624CB5FA}.Debug|Win32.Build.0 = Debug|Win32
		{B6FF83A7-8BE1-4FB1-A2BA-5800624CB5FA}.Release|Win32.ActiveCfg = Release|Win32
		{B6FF83A7-8BE1-4FB1-A2BA-5800624CB5FA}.Release|Win32.Build.0 = Release|Win32
	EndGlobalSection
	GlobalSection(SolutionProperties) = preSolution
		HideSolutionNode = FALSE
	EndGlobalSection
EndGlobal
